PODS:
  - Alamofire (4.8.2)
  - Nimble (8.0.1)
  - Quick (2.0.0)
  - Result (4.0.1)
  - SnapKit (4.0.1)
  - SwiftyJSON (4.2.0)

DEPENDENCIES:
  - Alamofire (~> 4.7)
  - Nimble
  - Quick
  - Result (~> 4.0.0)
  - SnapKit (~> 4.0.0)
  - SwiftyJSON (~> 4.0)

SPEC REPOS:
  https://github.com/cocoapods/specs.git:
    - Alamofire
    - Nimble
    - Quick
    - Result
    - SnapKit
    - SwiftyJSON

SPEC CHECKSUMS:
  Alamofire: ae5c501addb7afdbb13687d7f2f722c78734c2d3
  Nimble: 45f786ae66faa9a709624227fae502db55a8bdd0
  Quick: ce1276c7c27ba2da3cb2fd0cde053c3648b3b22d
  Result: a6e784bebf48b471d59cddc1adb81f41f678c487
  SnapKit: 0de968a9fec17499afa29683b05d0c775b6d1c29
  SwiftyJSON: c4bcba26dd9ec7a027fc8eade48e2c911f229e96

PODFILE CHECKSUM: e614efd8679162f0390fa833cfb48ec2f869f2b1

COCOAPODS: 1.5.3
